# This file is automatically @generated by Cargo.
# It is not intended for manual editing.
version = 4

[[package]]
name = "isit"
version = "0.1.2"
source = "registry+https://github.com/rust-lang/crates.io-index"
checksum = "9f4575a928813120f1c29dff9037d0827a9a52991954410f7be605c81acbed24"

[[package]]
name = "voxel-symmetry"
version = "0.1.0"
dependencies = [
 "isit",
]
